
Microsoft Visual Studio Solution File, Format Version 12.00
# Visual Studio 15
VisualStudioVersion = 15.0.27004.2009
MinimumVisualStudioVersion = 10.0.40219.1
Project("{FAE04EC0-301F-11D3-BF4B-00C04F79EFBC}") = "BrowserController", "BrowserControlForm\BrowserController.csproj", "{82B8D912-4C55-47F1-B9B7-54596B0668E8}"
EndProject
Project("{FAE04EC0-301F-11D3-BF4B-00C04F79EFBC}") = "TestingRecorder", "TestingRecorder\TestingRecorder.csproj", "{5E684FDA-1782-45B4-B3E9-E2B3F38913D7}"
EndProject
Project("{FAE04EC0-301F-11D3-BF4B-00C04F79EFBC}") = "NUnitBrowserLoad", "NUnitBrowserLoad\NUnitBrowserLoad.csproj", "{F9D6BBEC-F35C-45BE-B440-987E3C9BBF86}"
EndProject
Global
	GlobalSection(SolutionConfigurationPlatforms) = preSolution
		Debug|Any CPU = Debug|Any CPU
		Release|Any CPU = Release|Any CPU
	EndGlobalSection
	GlobalSection(ProjectConfigurationPlatforms) = postSolution
		{82B8D912-4C55-47F1-B9B7-54596B0668E8}.Debug|Any CPU.ActiveCfg = Debug|Any CPU
		{82B8D912-4C55-47F1-B9B7-54596B0668E8}.Debug|Any CPU.Build.0 = Debug|Any CPU
		{82B8D912-4C55-47F1-B9B7-54596B0668E8}.Release|Any CPU.ActiveCfg = Release|Any CPU
		{82B8D912-4C55-47F1-B9B7-54596B0668E8}.Release|Any CPU.Build.0 = Release|Any CPU
		{5E684FDA-1782-45B4-B3E9-E2B3F38913D7}.Debug|Any CPU.ActiveCfg = Debug|Any CPU
		{5E684FDA-1782-45B4-B3E9-E2B3F38913D7}.Debug|Any CPU.Build.0 = Debug|Any CPU
		{5E684FDA-1782-45B4-B3E9-E2B3F38913D7}.Release|Any CPU.ActiveCfg = Release|Any CPU
		{5E684FDA-1782-45B4-B3E9-E2B3F38913D7}.Release|Any CPU.Build.0 = Release|Any CPU
		{F9D6BBEC-F35C-45BE-B440-987E3C9BBF86}.Debug|Any CPU.ActiveCfg = Debug|Any CPU
		{F9D6BBEC-F35C-45BE-B440-987E3C9BBF86}.Debug|Any CPU.Build.0 = Debug|Any CPU
		{F9D6BBEC-F35C-45BE-B440-987E3C9BBF86}.Release|Any CPU.ActiveCfg = Release|Any CPU
		{F9D6BBEC-F35C-45BE-B440-987E3C9BBF86}.Release|Any CPU.Build.0 = Release|Any CPU
	EndGlobalSection
	GlobalSection(SolutionProperties) = preSolution
		HideSolutionNode = FALSE
	EndGlobalSection
	GlobalSection(ExtensibilityGlobals) = postSolution
		SolutionGuid = {1894908F-320D-453C-AD76-4739C20D67F2}
	EndGlobalSection
EndGlobal
